
Microsoft Visual Studio Solution File, Format Version 12.00
# Visual Studio 15
Project("{FAE04EC0-301F-11D3-BF4B-00C04F79EFBC}") = "OwnPhisics", "OwnPhisics.csproj", "{8EE7C88C-4243-089F-6219-F110D65F1CA1}"
EndProject
Project("{FAE04EC0-301F-11D3-BF4B-00C04F79EFBC}") = "OwnPhisics.Editor", "OwnPhisics.Editor.csproj", "{17651198-3399-A2D7-2DCE-340D440DE5EA}"
EndProject
Global
	GlobalSection(SolutionConfigurationPlatforms) = preSolution
		Debug|Any CPU = Debug|Any CPU
		Release|Any CPU = Release|Any CPU
	EndGlobalSection
	GlobalSection(ProjectConfigurationPlatforms) = postSolution
		{8EE7C88C-4243-089F-6219-F110D65F1CA1}.Debug|Any CPU.ActiveCfg = Debug|Any CPU
		{8EE7C88C-4243-089F-6219-F110D65F1CA1}.Debug|Any CPU.Build.0 = Debug|Any CPU
		{8EE7C88C-4243-089F-6219-F110D65F1CA1}.Release|Any CPU.ActiveCfg = Release|Any CPU
		{8EE7C88C-4243-089F-6219-F110D65F1CA1}.Release|Any CPU.Build.0 = Release|Any CPU
		{17651198-3399-A2D7-2DCE-340D440DE5EA}.Debug|Any CPU.ActiveCfg = Debug|Any CPU
		{17651198-3399-A2D7-2DCE-340D440DE5EA}.Debug|Any CPU.Build.0 = Debug|Any CPU
		{17651198-3399-A2D7-2DCE-340D440DE5EA}.Release|Any CPU.ActiveCfg = Release|Any CPU
		{17651198-3399-A2D7-2DCE-340D440DE5EA}.Release|Any CPU.Build.0 = Release|Any CPU
	EndGlobalSection
	GlobalSection(SolutionProperties) = preSolution
		HideSolutionNode = FALSE
	EndGlobalSection
EndGlobal
