
Microsoft Visual Studio Solution File, Format Version 12.00
# Visual Studio 15
Project("{FAE04EC0-301F-11D3-BF4B-00C04F79EFBC}") = "Assembly-CSharp", "Assembly-CSharp.csproj", "{5D06697A-11A5-9829-2CF2-D86F37BBB263}"
EndProject
Project("{FAE04EC0-301F-11D3-BF4B-00C04F79EFBC}") = "Assembly-CSharp-Editor", "Assembly-CSharp-Editor.csproj", "{EF21ECFB-928A-3327-CA1B-4BEBD9197AD2}"
EndProject
Global
	GlobalSection(SolutionConfigurationPlatforms) = preSolution
		Debug|Any CPU = Debug|Any CPU
		Release|Any CPU = Release|Any CPU
	EndGlobalSection
	GlobalSection(ProjectConfigurationPlatforms) = postSolution
		{5D06697A-11A5-9829-2CF2-D86F37BBB263}.Debug|Any CPU.ActiveCfg = Debug|Any CPU
		{5D06697A-11A5-9829-2CF2-D86F37BBB263}.Debug|Any CPU.Build.0 = Debug|Any CPU
		{5D06697A-11A5-9829-2CF2-D86F37BBB263}.Release|Any CPU.ActiveCfg = Release|Any CPU
		{5D06697A-11A5-9829-2CF2-D86F37BBB263}.Release|Any CPU.Build.0 = Release|Any CPU
		{EF21ECFB-928A-3327-CA1B-4BEBD9197AD2}.Debug|Any CPU.ActiveCfg = Debug|Any CPU
		{EF21ECFB-928A-3327-CA1B-4BEBD9197AD2}.Debug|Any CPU.Build.0 = Debug|Any CPU
		{EF21ECFB-928A-3327-CA1B-4BEBD9197AD2}.Release|Any CPU.ActiveCfg = Release|Any CPU
		{EF21ECFB-928A-3327-CA1B-4BEBD9197AD2}.Release|Any CPU.Build.0 = Release|Any CPU
	EndGlobalSection
	GlobalSection(SolutionProperties) = preSolution
		HideSolutionNode = FALSE
	EndGlobalSection
EndGlobal
